
Microsoft Visual Studio Solution File, Format Version 12.00
# Visual Studio Version 17
VisualStudioVersion = 17.14.36915.13
MinimumVisualStudioVersion = 10.0.40219.1
Project("{9A19103F-16F7-4668-BE54-9A1E7A4F7556}") = "DoubleLinkedList", "DoubleLinkedList\DoubleLinkedList\DoubleLinkedList.csproj", "{BC252335-40EF-4006-A3DC-BD9E8B69C2D8}"
EndProject
Project("{9A19103F-16F7-4668-BE54-9A1E7A4F7556}") = "QueueBasedOnLinkedList", "QueueBasedOnLinkedList\QueueBasedOnLinkedList\QueueBasedOnLinkedList.csproj", "{271A00FE-0FED-4AC9-8C4D-74AAC3D0C3BD}"
EndProject
Project("{9A19103F-16F7-4668-BE54-9A1E7A4F7556}") = "LinkedList", "LinkedList\LinkedList\LinkedList.csproj", "{2415B01E-49F0-4BCE-B274-F9FB42DEE391}"
EndProject
Project("{9A19103F-16F7-4668-BE54-9A1E7A4F7556}") = "Dequeue", "Dequeue\Dequeue.csproj", "{4895103F-A519-4C8E-A0F4-57B138813028}"
EndProject
Project("{9A19103F-16F7-4668-BE54-9A1E7A4F7556}") = "StackBasedOnArray", "StackBasedOnArray\StackBasedOnArray.csproj", "{0D5F9259-506C-47F1-8632-936F70FCE9D5}"
EndProject
Project("{9A19103F-16F7-4668-BE54-9A1E7A4F7556}") = "StackBasedOnLinkedList", "StackBasedOnLinkedList\StackBasedOnLinkedList.csproj", "{0391BCDC-683B-4ADD-BC8E-BEDC7CDD7F0E}"
EndProject
Project("{9A19103F-16F7-4668-BE54-9A1E7A4F7556}") = "DoubleNode", "DoubleNode\DoubleNode.csproj", "{1F883E1E-78D1-4E17-9425-79069AB0F11D}"
EndProject
Project("{FAE04EC0-301F-11D3-BF4B-00C04F79EFBC}") = "SortingAlgorithms", "SortingAlgorithms\SortingAlgorithms.csproj", "{AD332F7E-830C-4856-B3C1-C30A4E9E3835}"
EndProject
Project("{FAE04EC0-301F-11D3-BF4B-00C04F79EFBC}") = "MoveZeros_283", "MoveZeros_283\MoveZeros_283.csproj", "{FD9E5ACB-DF4A-4831-9E53-F9CA7BA8C097}"
EndProject
Project("{FAE04EC0-301F-11D3-BF4B-00C04F79EFBC}") = "TrappingRainWater_LeetCode_42", "TrappingRainWater_LeetCode_42\TrappingRainWater_LeetCode_42.csproj", "{1953A6F7-62DD-42D9-8EBA-EC86580DEBDF}"
EndProject
Project("{FAE04EC0-301F-11D3-BF4B-00C04F79EFBC}") = "MergeSortedArray-88", "MergeSortedArray\MergeSortedArray-88.csproj", "{6ED1163F-6DF7-4128-9509-0FF58696ED84}"
EndProject
Project("{FAE04EC0-301F-11D3-BF4B-00C04F79EFBC}") = "RemoveDuplicatesFromSortedArray_26", "RemoveDuplicatesFromSortedArray_26\RemoveDuplicatesFromSortedArray_26.csproj", "{36275C52-CA4F-45D1-A3A2-4D84B6C3B78E}"
EndProject
Project("{FAE04EC0-301F-11D3-BF4B-00C04F79EFBC}") = "JumpGame", "JumpGame\JumpGame.csproj", "{B80B1473-A9F5-45D4-846F-2AFC68D83219}"
EndProject
Project("{FAE04EC0-301F-11D3-BF4B-00C04F79EFBC}") = "IntegerToRoman", "IntegerToRoman\IntegerToRoman.csproj", "{505A4571-56A4-4430-B3A9-6C6CB3838050}"
EndProject
Project("{FAE04EC0-301F-11D3-BF4B-00C04F79EFBC}") = "FindThenIndexOfTheFirstOccuranceInAString_28", "FindThenIndexOfTheFirstOccuranceInAString_28\FindThenIndexOfTheFirstOccuranceInAString_28.csproj", "{31BC126E-991A-419C-A515-40C526D77C1C}"
EndProject
Project("{FAE04EC0-301F-11D3-BF4B-00C04F79EFBC}") = "ValidAnagram_242", "ValidAnagram_242\ValidAnagram_242.csproj", "{7B0A033F-91F8-423D-A2C2-38C26EFFC7F5}"
EndProject
Project("{FAE04EC0-301F-11D3-BF4B-00C04F79EFBC}") = "AddBinary_67", "AddBinary_67\AddBinary_67.csproj", "{5195C386-717F-40BD-A522-052824828163}"
EndProject
Project("{FAE04EC0-301F-11D3-BF4B-00C04F79EFBC}") = "FirstUniqueCharacterInAString387", "FirstUniqueCharacterInAString387\FirstUniqueCharacterInAString387.csproj", "{FD25906B-E674-42B0-9C2A-5A33E41B10B4}"
EndProject
Project("{2150E333-8FDC-42A3-9474-1A3956D46DE8}") = "RoadMap", "RoadMap", "{02EA681E-C7D8-13C7-8484-4AC65E1B71E8}"
EndProject
Project("{2150E333-8FDC-42A3-9474-1A3956D46DE8}") = "1_TwoPointers", "1_TwoPointers", "{8B851D71-59B3-4C1D-8833-C2D53C445D87}"
EndProject
Project("{2150E333-8FDC-42A3-9474-1A3956D46DE8}") = "2_Matrix", "2_Matrix", "{CB958DE2-09C2-4A64-BCDA-BA4436D07953}"
EndProject
Project("{2150E333-8FDC-42A3-9474-1A3956D46DE8}") = "3_HashTables", "3_HashTables", "{358748FF-CD5E-4242-B910-1293A7D3C952}"
EndProject
Project("{2150E333-8FDC-42A3-9474-1A3956D46DE8}") = "4_PrefixSum", "4_PrefixSum", "{71BE5074-50FE-4730-98E4-BA672E3C2C52}"
EndProject
Project("{2150E333-8FDC-42A3-9474-1A3956D46DE8}") = "5_BitManipulation", "5_BitManipulation", "{AB274533-6874-400E-B888-9103A59C26CE}"
EndProject
Project("{2150E333-8FDC-42A3-9474-1A3956D46DE8}") = "6_BinarySearch", "6_BinarySearch", "{40558720-B52C-4B99-A0BD-E8A94ACC58A5}"
EndProject
Project("{2150E333-8FDC-42A3-9474-1A3956D46DE8}") = "7_Sortings", "7_Sortings", "{5F9771CA-1C38-4F86-960B-89F41037DB81}"
EndProject
Project("{2150E333-8FDC-42A3-9474-1A3956D46DE8}") = "8_Intervals", "8_Intervals", "{1B90A5C8-16DA-4253-B20B-684B9F75875B}"
EndProject
Project("{2150E333-8FDC-42A3-9474-1A3956D46DE8}") = "9_LinkedLists", "9_LinkedLists", "{D5B28B0A-747A-4473-8835-C35023125610}"
EndProject
Project("{2150E333-8FDC-42A3-9474-1A3956D46DE8}") = "10_Trees", "10_Trees", "{06831890-6C05-4158-B5B9-82ADA7D9B71B}"
EndProject
Project("{2150E333-8FDC-42A3-9474-1A3956D46DE8}") = "11_StackAndQueues", "11_StackAndQueues", "{9ADFC4B2-745B-4B16-9910-6C6C54347BDC}"
EndProject
Project("{2150E333-8FDC-42A3-9474-1A3956D46DE8}") = "12_FloaringWindows", "12_FloaringWindows", "{2CFCD426-EBC0-4AD5-A7C1-77C3B9EF69EA}"
EndProject
Project("{2150E333-8FDC-42A3-9474-1A3956D46DE8}") = "13_SearchWithReturn", "13_SearchWithReturn", "{C3EE7279-FC3A-4CCC-932D-451E93F9000A}"
EndProject
Project("{2150E333-8FDC-42A3-9474-1A3956D46DE8}") = "14_Graphs", "14_Graphs", "{0592906C-AFBB-4613-AAA9-179C1BADA8F8}"
EndProject
Project("{2150E333-8FDC-42A3-9474-1A3956D46DE8}") = "15_DinamicProgramming", "15_DinamicProgramming", "{C5C801B8-2732-47EE-A722-65AEFA247EED}"
EndProject
Project("{FAE04EC0-301F-11D3-BF4B-00C04F79EFBC}") = "ReverseString-344", "ReverseString-344\ReverseString-344.csproj", "{2CF879DE-9F12-4655-83DC-38FD674B2137}"
EndProject
Project("{FAE04EC0-301F-11D3-BF4B-00C04F79EFBC}") = "ValidPalindrom-125", "ValidPalindrom-125\ValidPalindrom-125.csproj", "{BC39C5F3-22B0-4FBC-B340-4BD0DB2C371E}"
EndProject
Project("{FAE04EC0-301F-11D3-BF4B-00C04F79EFBC}") = "IntersectionOfTwoArrays-349", "IntersectionOfTwoArrays-349\IntersectionOfTwoArrays-349.csproj", "{1B44935F-2EC5-477C-AD0A-D0B7C2AB3921}"
EndProject
Project("{FAE04EC0-301F-11D3-BF4B-00C04F79EFBC}") = "SquaresOfSortedArray-977", "SquaresOfSortedArray\SquaresOfSortedArray-977.csproj", "{736C9473-EC19-483B-A640-C067D9B76612}"
EndProject
Project("{FAE04EC0-301F-11D3-BF4B-00C04F79EFBC}") = "RemoveDuplicatesFromSortedArray-26", "RemoveDuplicatesFromSortedArray\RemoveDuplicatesFromSortedArray-26.csproj", "{6D8C39B0-1D5C-473E-AF3F-EC7709609B8B}"
EndProject
Project("{FAE04EC0-301F-11D3-BF4B-00C04F79EFBC}") = "MoveZeros-283", "MoveZeros-283\MoveZeros-283.csproj", "{5A59A31D-D048-4664-82EB-6A18FE533420}"
EndProject
Project("{FAE04EC0-301F-11D3-BF4B-00C04F79EFBC}") = "TwoSum2-InputArrayIsSorted-167", "TwoSum2-InputArrayIsSorted-167\TwoSum2-InputArrayIsSorted-167.csproj", "{04825641-1E25-4545-9DD8-467930C027BC}"
EndProject
Global
	GlobalSection(SolutionConfigurationPlatforms) = preSolution
		Debug|Any CPU = Debug|Any CPU
		Debug|x86 = Debug|x86
		Release|Any CPU = Release|Any CPU
		Release|x86 = Release|x86
	EndGlobalSection
	GlobalSection(ProjectConfigurationPlatforms) = postSolution
		{BC252335-40EF-4006-A3DC-BD9E8B69C2D8}.Debug|Any CPU.ActiveCfg = Debug|Any CPU
		{BC252335-40EF-4006-A3DC-BD9E8B69C2D8}.Debug|Any CPU.Build.0 = Debug|Any CPU
		{BC252335-40EF-4006-A3DC-BD9E8B69C2D8}.Debug|x86.ActiveCfg = Debug|Any CPU
		{BC252335-40EF-4006-A3DC-BD9E8B69C2D8}.Debug|x86.Build.0 = Debug|Any CPU
		{BC252335-40EF-4006-A3DC-BD9E8B69C2D8}.Release|Any CPU.ActiveCfg = Release|Any CPU
		{BC252335-40EF-4006-A3DC-BD9E8B69C2D8}.Release|Any CPU.Build.0 = Release|Any CPU
		{BC252335-40EF-4006-A3DC-BD9E8B69C2D8}.Release|x86.ActiveCfg = Release|Any CPU
		{BC252335-40EF-4006-A3DC-BD9E8B69C2D8}.Release|x86.Build.0 = Release|Any CPU
		{271A00FE-0FED-4AC9-8C4D-74AAC3D0C3BD}.Debug|Any CPU.ActiveCfg = Debug|Any CPU
		{271A00FE-0FED-4AC9-8C4D-74AAC3D0C3BD}.Debug|Any CPU.Build.0 = Debug|Any CPU
		{271A00FE-0FED-4AC9-8C4D-74AAC3D0C3BD}.Debug|x86.ActiveCfg = Debug|Any CPU
		{271A00FE-0FED-4AC9-8C4D-74AAC3D0C3BD}.Debug|x86.Build.0 = Debug|Any CPU
		{271A00FE-0FED-4AC9-8C4D-74AAC3D0C3BD}.Release|Any CPU.ActiveCfg = Release|Any CPU
		{271A00FE-0FED-4AC9-8C4D-74AAC3D0C3BD}.Release|Any CPU.Build.0 = Release|Any CPU
		{271A00FE-0FED-4AC9-8C4D-74AAC3D0C3BD}.Release|x86.ActiveCfg = Release|Any CPU
		{271A00FE-0FED-4AC9-8C4D-74AAC3D0C3BD}.Release|x86.Build.0 = Release|Any CPU
		{2415B01E-49F0-4BCE-B274-F9FB42DEE391}.Debug|Any CPU.ActiveCfg = Debug|Any CPU
		{2415B01E-49F0-4BCE-B274-F9FB42DEE391}.Debug|Any CPU.Build.0 = Debug|Any CPU
		{2415B01E-49F0-4BCE-B274-F9FB42DEE391}.Debug|x86.ActiveCfg = Debug|Any CPU
		{2415B01E-49F0-4BCE-B274-F9FB42DEE391}.Debug|x86.Build.0 = Debug|Any CPU
		{2415B01E-49F0-4BCE-B274-F9FB42DEE391}.Release|Any CPU.ActiveCfg = Release|Any CPU
		{2415B01E-49F0-4BCE-B274-F9FB42DEE391}.Release|Any CPU.Build.0 = Release|Any CPU
		{2415B01E-49F0-4BCE-B274-F9FB42DEE391}.Release|x86.ActiveCfg = Release|Any CPU
		{2415B01E-49F0-4BCE-B274-F9FB42DEE391}.Release|x86.Build.0 = Release|Any CPU
		{4895103F-A519-4C8E-A0F4-57B138813028}.Debug|Any CPU.ActiveCfg = Debug|Any CPU
		{4895103F-A519-4C8E-A0F4-57B138813028}.Debug|Any CPU.Build.0 = Debug|Any CPU
		{4895103F-A519-4C8E-A0F4-57B138813028}.Debug|x86.ActiveCfg = Debug|Any CPU
		{4895103F-A519-4C8E-A0F4-57B138813028}.Debug|x86.Build.0 = Debug|Any CPU
		{4895103F-A519-4C8E-A0F4-57B138813028}.Release|Any CPU.ActiveCfg = Release|Any CPU
		{4895103F-A519-4C8E-A0F4-57B138813028}.Release|Any CPU.Build.0 = Release|Any CPU
		{4895103F-A519-4C8E-A0F4-57B138813028}.Release|x86.ActiveCfg = Release|Any CPU
		{4895103F-A519-4C8E-A0F4-57B138813028}.Release|x86.Build.0 = Release|Any CPU
		{0D5F9259-506C-47F1-8632-936F70FCE9D5}.Debug|Any CPU.ActiveCfg = Debug|Any CPU
		{0D5F9259-506C-47F1-8632-936F70FCE9D5}.Debug|Any CPU.Build.0 = Debug|Any CPU
		{0D5F9259-506C-47F1-8632-936F70FCE9D5}.Debug|x86.ActiveCfg = Debug|Any CPU
		{0D5F9259-506C-47F1-8632-936F70FCE9D5}.Debug|x86.Build.0 = Debug|Any CPU
		{0D5F9259-506C-47F1-8632-936F70FCE9D5}.Release|Any CPU.ActiveCfg = Release|Any CPU
		{0D5F9259-506C-47F1-8632-936F70FCE9D5}.Release|Any CPU.Build.0 = Release|Any CPU
		{0D5F9259-506C-47F1-8632-936F70FCE9D5}.Release|x86.ActiveCfg = Release|Any CPU
		{0D5F9259-506C-47F1-8632-936F70FCE9D5}.Release|x86.Build.0 = Release|Any CPU
		{0391BCDC-683B-4ADD-BC8E-BEDC7CDD7F0E}.Debug|Any CPU.ActiveCfg = Debug|Any CPU
		{0391BCDC-683B-4ADD-BC8E-BEDC7CDD7F0E}.Debug|Any CPU.Build.0 = Debug|Any CPU
		{0391BCDC-683B-4ADD-BC8E-BEDC7CDD7F0E}.Debug|x86.ActiveCfg = Debug|Any CPU
		{0391BCDC-683B-4ADD-BC8E-BEDC7CDD7F0E}.Debug|x86.Build.0 = Debug|Any CPU
		{0391BCDC-683B-4ADD-BC8E-BEDC7CDD7F0E}.Release|Any CPU.ActiveCfg = Release|Any CPU
		{0391BCDC-683B-4ADD-BC8E-BEDC7CDD7F0E}.Release|Any CPU.Build.0 = Release|Any CPU
		{0391BCDC-683B-4ADD-BC8E-BEDC7CDD7F0E}.Release|x86.ActiveCfg = Release|Any CPU
		{0391BCDC-683B-4ADD-BC8E-BEDC7CDD7F0E}.Release|x86.Build.0 = Release|Any CPU
		{1F883E1E-78D1-4E17-9425-79069AB0F11D}.Debug|Any CPU.ActiveCfg = Debug|Any CPU
		{1F883E1E-78D1-4E17-9425-79069AB0F11D}.Debug|Any CPU.Build.0 = Debug|Any CPU
		{1F883E1E-78D1-4E17-9425-79069AB0F11D}.Debug|x86.ActiveCfg = Debug|Any CPU
		{1F883E1E-78D1-4E17-9425-79069AB0F11D}.Debug|x86.Build.0 = Debug|Any CPU
		{1F883E1E-78D1-4E17-9425-79069AB0F11D}.Release|Any CPU.ActiveCfg = Release|Any CPU
		{1F883E1E-78D1-4E17-9425-79069AB0F11D}.Release|Any CPU.Build.0 = Release|Any CPU
		{1F883E1E-78D1-4E17-9425-79069AB0F11D}.Release|x86.ActiveCfg = Release|Any CPU
		{1F883E1E-78D1-4E17-9425-79069AB0F11D}.Release|x86.Build.0 = Release|Any CPU
		{AD332F7E-830C-4856-B3C1-C30A4E9E3835}.Debug|Any CPU.ActiveCfg = Debug|Any CPU
		{AD332F7E-830C-4856-B3C1-C30A4E9E3835}.Debug|Any CPU.Build.0 = Debug|Any CPU
		{AD332F7E-830C-4856-B3C1-C30A4E9E3835}.Debug|x86.ActiveCfg = Debug|Any CPU
		{AD332F7E-830C-4856-B3C1-C30A4E9E3835}.Debug|x86.Build.0 = Debug|Any CPU
		{AD332F7E-830C-4856-B3C1-C30A4E9E3835}.Release|Any CPU.ActiveCfg = Release|Any CPU
		{AD332F7E-830C-4856-B3C1-C30A4E9E3835}.Release|Any CPU.Build.0 = Release|Any CPU
		{AD332F7E-830C-4856-B3C1-C30A4E9E3835}.Release|x86.ActiveCfg = Release|Any CPU
		{AD332F7E-830C-4856-B3C1-C30A4E9E3835}.Release|x86.Build.0 = Release|Any CPU
		{FD9E5ACB-DF4A-4831-9E53-F9CA7BA8C097}.Debug|Any CPU.ActiveCfg = Debug|Any CPU
		{FD9E5ACB-DF4A-4831-9E53-F9CA7BA8C097}.Debug|Any CPU.Build.0 = Debug|Any CPU
		{FD9E5ACB-DF4A-4831-9E53-F9CA7BA8C097}.Debug|x86.ActiveCfg = Debug|Any CPU
		{FD9E5ACB-DF4A-4831-9E53-F9CA7BA8C097}.Debug|x86.Build.0 = Debug|Any CPU
		{FD9E5ACB-DF4A-4831-9E53-F9CA7BA8C097}.Release|Any CPU.ActiveCfg = Release|Any CPU
		{FD9E5ACB-DF4A-4831-9E53-F9CA7BA8C097}.Release|Any CPU.Build.0 = Release|Any CPU
		{FD9E5ACB-DF4A-4831-9E53-F9CA7BA8C097}.Release|x86.ActiveCfg = Release|Any CPU
		{FD9E5ACB-DF4A-4831-9E53-F9CA7BA8C097}.Release|x86.Build.0 = Release|Any CPU
		{1953A6F7-62DD-42D9-8EBA-EC86580DEBDF}.Debug|Any CPU.ActiveCfg = Debug|Any CPU
		{1953A6F7-62DD-42D9-8EBA-EC86580DEBDF}.Debug|Any CPU.Build.0 = Debug|Any CPU
		{1953A6F7-62DD-42D9-8EBA-EC86580DEBDF}.Debug|x86.ActiveCfg = Debug|Any CPU
		{1953A6F7-62DD-42D9-8EBA-EC86580DEBDF}.Debug|x86.Build.0 = Debug|Any CPU
		{1953A6F7-62DD-42D9-8EBA-EC86580DEBDF}.Release|Any CPU.ActiveCfg = Release|Any CPU
		{1953A6F7-62DD-42D9-8EBA-EC86580DEBDF}.Release|Any CPU.Build.0 = Release|Any CPU
		{1953A6F7-62DD-42D9-8EBA-EC86580DEBDF}.Release|x86.ActiveCfg = Release|Any CPU
		{1953A6F7-62DD-42D9-8EBA-EC86580DEBDF}.Release|x86.Build.0 = Release|Any CPU
		{6ED1163F-6DF7-4128-9509-0FF58696ED84}.Debug|Any CPU.ActiveCfg = Debug|Any CPU
		{6ED1163F-6DF7-4128-9509-0FF58696ED84}.Debug|Any CPU.Build.0 = Debug|Any CPU
		{6ED1163F-6DF7-4128-9509-0FF58696ED84}.Debug|x86.ActiveCfg = Debug|Any CPU
		{6ED1163F-6DF7-4128-9509-0FF58696ED84}.Debug|x86.Build.0 = Debug|Any CPU
		{6ED1163F-6DF7-4128-9509-0FF58696ED84}.Release|Any CPU.ActiveCfg = Release|Any CPU
		{6ED1163F-6DF7-4128-9509-0FF58696ED84}.Release|Any CPU.Build.0 = Release|Any CPU
		{6ED1163F-6DF7-4128-9509-0FF58696ED84}.Release|x86.ActiveCfg = Release|Any CPU
		{6ED1163F-6DF7-4128-9509-0FF58696ED84}.Release|x86.Build.0 = Release|Any CPU
		{36275C52-CA4F-45D1-A3A2-4D84B6C3B78E}.Debug|Any CPU.ActiveCfg = Debug|Any CPU
		{36275C52-CA4F-45D1-A3A2-4D84B6C3B78E}.Debug|Any CPU.Build.0 = Debug|Any CPU
		{36275C52-CA4F-45D1-A3A2-4D84B6C3B78E}.Debug|x86.ActiveCfg = Debug|Any CPU
		{36275C52-CA4F-45D1-A3A2-4D84B6C3B78E}.Debug|x86.Build.0 = Debug|Any CPU
		{36275C52-CA4F-45D1-A3A2-4D84B6C3B78E}.Release|Any CPU.ActiveCfg = Release|Any CPU
		{36275C52-CA4F-45D1-A3A2-4D84B6C3B78E}.Release|Any CPU.Build.0 = Release|Any CPU
		{36275C52-CA4F-45D1-A3A2-4D84B6C3B78E}.Release|x86.ActiveCfg = Release|Any CPU
		{36275C52-CA4F-45D1-A3A2-4D84B6C3B78E}.Release|x86.Build.0 = Release|Any CPU
		{B80B1473-A9F5-45D4-846F-2AFC68D83219}.Debug|Any CPU.ActiveCfg = Debug|Any CPU
		{B80B1473-A9F5-45D4-846F-2AFC68D83219}.Debug|Any CPU.Build.0 = Debug|Any CPU
		{B80B1473-A9F5-45D4-846F-2AFC68D83219}.Debug|x86.ActiveCfg = Debug|Any CPU
		{B80B1473-A9F5-45D4-846F-2AFC68D83219}.Debug|x86.Build.0 = Debug|Any CPU
		{B80B1473-A9F5-45D4-846F-2AFC68D83219}.Release|Any CPU.ActiveCfg = Release|Any CPU
		{B80B1473-A9F5-45D4-846F-2AFC68D83219}.Release|Any CPU.Build.0 = Release|Any CPU
		{B80B1473-A9F5-45D4-846F-2AFC68D83219}.Release|x86.ActiveCfg = Release|Any CPU
		{B80B1473-A9F5-45D4-846F-2AFC68D83219}.Release|x86.Build.0 = Release|Any CPU
		{505A4571-56A4-4430-B3A9-6C6CB3838050}.Debug|Any CPU.ActiveCfg = Debug|Any CPU
		{505A4571-56A4-4430-B3A9-6C6CB3838050}.Debug|Any CPU.Build.0 = Debug|Any CPU
		{505A4571-56A4-4430-B3A9-6C6CB3838050}.Debug|x86.ActiveCfg = Debug|Any CPU
		{505A4571-56A4-4430-B3A9-6C6CB3838050}.Debug|x86.Build.0 = Debug|Any CPU
		{505A4571-56A4-4430-B3A9-6C6CB3838050}.Release|Any CPU.ActiveCfg = Release|Any CPU
		{505A4571-56A4-4430-B3A9-6C6CB3838050}.Release|Any CPU.Build.0 = Release|Any CPU
		{505A4571-56A4-4430-B3A9-6C6CB3838050}.Release|x86.ActiveCfg = Release|Any CPU
		{505A4571-56A4-4430-B3A9-6C6CB3838050}.Release|x86.Build.0 = Release|Any CPU
		{31BC126E-991A-419C-A515-40C526D77C1C}.Debug|Any CPU.ActiveCfg = Debug|Any CPU
		{31BC126E-991A-419C-A515-40C526D77C1C}.Debug|Any CPU.Build.0 = Debug|Any CPU
		{31BC126E-991A-419C-A515-40C526D77C1C}.Debug|x86.ActiveCfg = Debug|Any CPU
		{31BC126E-991A-419C-A515-40C526D77C1C}.Debug|x86.Build.0 = Debug|Any CPU
		{31BC126E-991A-419C-A515-40C526D77C1C}.Release|Any CPU.ActiveCfg = Release|Any CPU
		{31BC126E-991A-419C-A515-40C526D77C1C}.Release|Any CPU.Build.0 = Release|Any CPU
		{31BC126E-991A-419C-A515-40C526D77C1C}.Release|x86.ActiveCfg = Release|Any CPU
		{31BC126E-991A-419C-A515-40C526D77C1C}.Release|x86.Build.0 = Release|Any CPU
		{7B0A033F-91F8-423D-A2C2-38C26EFFC7F5}.Debug|Any CPU.ActiveCfg = Debug|Any CPU
		{7B0A033F-91F8-423D-A2C2-38C26EFFC7F5}.Debug|Any CPU.Build.0 = Debug|Any CPU
		{7B0A033F-91F8-423D-A2C2-38C26EFFC7F5}.Debug|x86.ActiveCfg = Debug|Any CPU
		{7B0A033F-91F8-423D-A2C2-38C26EFFC7F5}.Debug|x86.Build.0 = Debug|Any CPU
		{7B0A033F-91F8-423D-A2C2-38C26EFFC7F5}.Release|Any CPU.ActiveCfg = Release|Any CPU
		{7B0A033F-91F8-423D-A2C2-38C26EFFC7F5}.Release|Any CPU.Build.0 = Release|Any CPU
		{7B0A033F-91F8-423D-A2C2-38C26EFFC7F5}.Release|x86.ActiveCfg = Release|Any CPU
		{7B0A033F-91F8-423D-A2C2-38C26EFFC7F5}.Release|x86.Build.0 = Release|Any CPU
		{5195C386-717F-40BD-A522-052824828163}.Debug|Any CPU.ActiveCfg = Debug|Any CPU
		{5195C386-717F-40BD-A522-052824828163}.Debug|Any CPU.Build.0 = Debug|Any CPU
		{5195C386-717F-40BD-A522-052824828163}.Debug|x86.ActiveCfg = Debug|Any CPU
		{5195C386-717F-40BD-A522-052824828163}.Debug|x86.Build.0 = Debug|Any CPU
		{5195C386-717F-40BD-A522-052824828163}.Release|Any CPU.ActiveCfg = Release|Any CPU
		{5195C386-717F-40BD-A522-052824828163}.Release|Any CPU.Build.0 = Release|Any CPU
		{5195C386-717F-40BD-A522-052824828163}.Release|x86.ActiveCfg = Release|Any CPU
		{5195C386-717F-40BD-A522-052824828163}.Release|x86.Build.0 = Release|Any CPU
		{FD25906B-E674-42B0-9C2A-5A33E41B10B4}.Debug|Any CPU.ActiveCfg = Debug|Any CPU
		{FD25906B-E674-42B0-9C2A-5A33E41B10B4}.Debug|Any CPU.Build.0 = Debug|Any CPU
		{FD25906B-E674-42B0-9C2A-5A33E41B10B4}.Debug|x86.ActiveCfg = Debug|Any CPU
		{FD25906B-E674-42B0-9C2A-5A33E41B10B4}.Debug|x86.Build.0 = Debug|Any CPU
		{FD25906B-E674-42B0-9C2A-5A33E41B10B4}.Release|Any CPU.ActiveCfg = Release|Any CPU
		{FD25906B-E674-42B0-9C2A-5A33E41B10B4}.Release|Any CPU.Build.0 = Release|Any CPU
		{FD25906B-E674-42B0-9C2A-5A33E41B10B4}.Release|x86.ActiveCfg = Release|Any CPU
		{FD25906B-E674-42B0-9C2A-5A33E41B10B4}.Release|x86.Build.0 = Release|Any CPU
		{2CF879DE-9F12-4655-83DC-38FD674B2137}.Debug|Any CPU.ActiveCfg = Debug|Any CPU
		{2CF879DE-9F12-4655-83DC-38FD674B2137}.Debug|Any CPU.Build.0 = Debug|Any CPU
		{2CF879DE-9F12-4655-83DC-38FD674B2137}.Debug|x86.ActiveCfg = Debug|Any CPU
		{2CF879DE-9F12-4655-83DC-38FD674B2137}.Debug|x86.Build.0 = Debug|Any CPU
		{2CF879DE-9F12-4655-83DC-38FD674B2137}.Release|Any CPU.ActiveCfg = Release|Any CPU
		{2CF879DE-9F12-4655-83DC-38FD674B2137}.Release|Any CPU.Build.0 = Release|Any CPU
		{2CF879DE-9F12-4655-83DC-38FD674B2137}.Release|x86.ActiveCfg = Release|Any CPU
		{2CF879DE-9F12-4655-83DC-38FD674B2137}.Release|x86.Build.0 = Release|Any CPU
		{BC39C5F3-22B0-4FBC-B340-4BD0DB2C371E}.Debug|Any CPU.ActiveCfg = Debug|Any CPU
		{BC39C5F3-22B0-4FBC-B340-4BD0DB2C371E}.Debug|Any CPU.Build.0 = Debug|Any CPU
		{BC39C5F3-22B0-4FBC-B340-4BD0DB2C371E}.Debug|x86.ActiveCfg = Debug|Any CPU
		{BC39C5F3-22B0-4FBC-B340-4BD0DB2C371E}.Debug|x86.Build.0 = Debug|Any CPU
		{BC39C5F3-22B0-4FBC-B340-4BD0DB2C371E}.Release|Any CPU.ActiveCfg = Release|Any CPU
		{BC39C5F3-22B0-4FBC-B340-4BD0DB2C371E}.Release|Any CPU.Build.0 = Release|Any CPU
		{BC39C5F3-22B0-4FBC-B340-4BD0DB2C371E}.Release|x86.ActiveCfg = Release|Any CPU
		{BC39C5F3-22B0-4FBC-B340-4BD0DB2C371E}.Release|x86.Build.0 = Release|Any CPU
		{1B44935F-2EC5-477C-AD0A-D0B7C2AB3921}.Debug|Any CPU.ActiveCfg = Debug|Any CPU
		{1B44935F-2EC5-477C-AD0A-D0B7C2AB3921}.Debug|Any CPU.Build.0 = Debug|Any CPU
		{1B44935F-2EC5-477C-AD0A-D0B7C2AB3921}.Debug|x86.ActiveCfg = Debug|Any CPU
		{1B44935F-2EC5-477C-AD0A-D0B7C2AB3921}.Debug|x86.Build.0 = Debug|Any CPU
		{1B44935F-2EC5-477C-AD0A-D0B7C2AB3921}.Release|Any CPU.ActiveCfg = Release|Any CPU
		{1B44935F-2EC5-477C-AD0A-D0B7C2AB3921}.Release|Any CPU.Build.0 = Release|Any CPU
		{1B44935F-2EC5-477C-AD0A-D0B7C2AB3921}.Release|x86.ActiveCfg = Release|Any CPU
		{1B44935F-2EC5-477C-AD0A-D0B7C2AB3921}.Release|x86.Build.0 = Release|Any CPU
		{736C9473-EC19-483B-A640-C067D9B76612}.Debug|Any CPU.ActiveCfg = Debug|Any CPU
		{736C9473-EC19-483B-A640-C067D9B76612}.Debug|Any CPU.Build.0 = Debug|Any CPU
		{736C9473-EC19-483B-A640-C067D9B76612}.Debug|x86.ActiveCfg = Debug|Any CPU
		{736C9473-EC19-483B-A640-C067D9B76612}.Debug|x86.Build.0 = Debug|Any CPU
		{736C9473-EC19-483B-A640-C067D9B76612}.Release|Any CPU.ActiveCfg = Release|Any CPU
		{736C9473-EC19-483B-A640-C067D9B76612}.Release|Any CPU.Build.0 = Release|Any CPU
		{736C9473-EC19-483B-A640-C067D9B76612}.Release|x86.ActiveCfg = Release|Any CPU
		{736C9473-EC19-483B-A640-C067D9B76612}.Release|x86.Build.0 = Release|Any CPU
		{6D8C39B0-1D5C-473E-AF3F-EC7709609B8B}.Debug|Any CPU.ActiveCfg = Debug|Any CPU
		{6D8C39B0-1D5C-473E-AF3F-EC7709609B8B}.Debug|Any CPU.Build.0 = Debug|Any CPU
		{6D8C39B0-1D5C-473E-AF3F-EC7709609B8B}.Debug|x86.ActiveCfg = Debug|Any CPU
		{6D8C39B0-1D5C-473E-AF3F-EC7709609B8B}.Debug|x86.Build.0 = Debug|Any CPU
		{6D8C39B0-1D5C-473E-AF3F-EC7709609B8B}.Release|Any CPU.ActiveCfg = Release|Any CPU
		{6D8C39B0-1D5C-473E-AF3F-EC7709609B8B}.Release|Any CPU.Build.0 = Release|Any CPU
		{6D8C39B0-1D5C-473E-AF3F-EC7709609B8B}.Release|x86.ActiveCfg = Release|Any CPU
		{6D8C39B0-1D5C-473E-AF3F-EC7709609B8B}.Release|x86.Build.0 = Release|Any CPU
		{5A59A31D-D048-4664-82EB-6A18FE533420}.Debug|Any CPU.ActiveCfg = Debug|Any CPU
		{5A59A31D-D048-4664-82EB-6A18FE533420}.Debug|Any CPU.Build.0 = Debug|Any CPU
		{5A59A31D-D048-4664-82EB-6A18FE533420}.Debug|x86.ActiveCfg = Debug|Any CPU
		{5A59A31D-D048-4664-82EB-6A18FE533420}.Debug|x86.Build.0 = Debug|Any CPU
		{5A59A31D-D048-4664-82EB-6A18FE533420}.Release|Any CPU.ActiveCfg = Release|Any CPU
		{5A59A31D-D048-4664-82EB-6A18FE533420}.Release|Any CPU.Build.0 = Release|Any CPU
		{5A59A31D-D048-4664-82EB-6A18FE533420}.Release|x86.ActiveCfg = Release|Any CPU
		{5A59A31D-D048-4664-82EB-6A18FE533420}.Release|x86.Build.0 = Release|Any CPU
		{04825641-1E25-4545-9DD8-467930C027BC}.Debug|Any CPU.ActiveCfg = Debug|Any CPU
		{04825641-1E25-4545-9DD8-467930C027BC}.Debug|Any CPU.Build.0 = Debug|Any CPU
		{04825641-1E25-4545-9DD8-467930C027BC}.Debug|x86.ActiveCfg = Debug|Any CPU
		{04825641-1E25-4545-9DD8-467930C027BC}.Debug|x86.Build.0 = Debug|Any CPU
		{04825641-1E25-4545-9DD8-467930C027BC}.Release|Any CPU.ActiveCfg = Release|Any CPU
		{04825641-1E25-4545-9DD8-467930C027BC}.Release|Any CPU.Build.0 = Release|Any CPU
		{04825641-1E25-4545-9DD8-467930C027BC}.Release|x86.ActiveCfg = Release|Any CPU
		{04825641-1E25-4545-9DD8-467930C027BC}.Release|x86.Build.0 = Release|Any CPU
	EndGlobalSection
	GlobalSection(SolutionProperties) = preSolution
		HideSolutionNode = FALSE
	EndGlobalSection
	GlobalSection(NestedProjects) = preSolution
		{6ED1163F-6DF7-4128-9509-0FF58696ED84} = {8B851D71-59B3-4C1D-8833-C2D53C445D87}
		{8B851D71-59B3-4C1D-8833-C2D53C445D87} = {02EA681E-C7D8-13C7-8484-4AC65E1B71E8}
		{CB958DE2-09C2-4A64-BCDA-BA4436D07953} = {02EA681E-C7D8-13C7-8484-4AC65E1B71E8}
		{358748FF-CD5E-4242-B910-1293A7D3C952} = {02EA681E-C7D8-13C7-8484-4AC65E1B71E8}
		{71BE5074-50FE-4730-98E4-BA672E3C2C52} = {02EA681E-C7D8-13C7-8484-4AC65E1B71E8}
		{AB274533-6874-400E-B888-9103A59C26CE} = {02EA681E-C7D8-13C7-8484-4AC65E1B71E8}
		{40558720-B52C-4B99-A0BD-E8A94ACC58A5} = {02EA681E-C7D8-13C7-8484-4AC65E1B71E8}
		{5F9771CA-1C38-4F86-960B-89F41037DB81} = {02EA681E-C7D8-13C7-8484-4AC65E1B71E8}
		{1B90A5C8-16DA-4253-B20B-684B9F75875B} = {02EA681E-C7D8-13C7-8484-4AC65E1B71E8}
		{D5B28B0A-747A-4473-8835-C35023125610} = {02EA681E-C7D8-13C7-8484-4AC65E1B71E8}
		{06831890-6C05-4158-B5B9-82ADA7D9B71B} = {02EA681E-C7D8-13C7-8484-4AC65E1B71E8}
		{9ADFC4B2-745B-4B16-9910-6C6C54347BDC} = {02EA681E-C7D8-13C7-8484-4AC65E1B71E8}
		{2CFCD426-EBC0-4AD5-A7C1-77C3B9EF69EA} = {02EA681E-C7D8-13C7-8484-4AC65E1B71E8}
		{C3EE7279-FC3A-4CCC-932D-451E93F9000A} = {02EA681E-C7D8-13C7-8484-4AC65E1B71E8}
		{0592906C-AFBB-4613-AAA9-179C1BADA8F8} = {02EA681E-C7D8-13C7-8484-4AC65E1B71E8}
		{C5C801B8-2732-47EE-A722-65AEFA247EED} = {02EA681E-C7D8-13C7-8484-4AC65E1B71E8}
		{2CF879DE-9F12-4655-83DC-38FD674B2137} = {8B851D71-59B3-4C1D-8833-C2D53C445D87}
		{BC39C5F3-22B0-4FBC-B340-4BD0DB2C371E} = {8B851D71-59B3-4C1D-8833-C2D53C445D87}
		{1B44935F-2EC5-477C-AD0A-D0B7C2AB3921} = {8B851D71-59B3-4C1D-8833-C2D53C445D87}
		{736C9473-EC19-483B-A640-C067D9B76612} = {8B851D71-59B3-4C1D-8833-C2D53C445D87}
		{6D8C39B0-1D5C-473E-AF3F-EC7709609B8B} = {8B851D71-59B3-4C1D-8833-C2D53C445D87}
		{5A59A31D-D048-4664-82EB-6A18FE533420} = {8B851D71-59B3-4C1D-8833-C2D53C445D87}
		{04825641-1E25-4545-9DD8-467930C027BC} = {8B851D71-59B3-4C1D-8833-C2D53C445D87}
	EndGlobalSection
	GlobalSection(ExtensibilityGlobals) = postSolution
		SolutionGuid = {C12D3E2E-5933-4F64-AF27-B0C005F3ACFF}
	EndGlobalSection
EndGlobal
