
Microsoft Visual Studio Solution File, Format Version 12.00
# Visual Studio Version 16
VisualStudioVersion = 16.0.29519.181
MinimumVisualStudioVersion = 10.0.40219.1
Project("{FAE04EC0-301F-11D3-BF4B-00C04F79EFBC}") = "BinariGap", "BinariGap\BinariGap.csproj", "{BABD8C74-D30A-4DA4-AD57-26E72393F6F2}"
EndProject
Global
	GlobalSection(SolutionConfigurationPlatforms) = preSolution
		Debug|Any CPU = Debug|Any CPU
		Release|Any CPU = Release|Any CPU
	EndGlobalSection
	GlobalSection(ProjectConfigurationPlatforms) = postSolution
		{BABD8C74-D30A-4DA4-AD57-26E72393F6F2}.Debug|Any CPU.ActiveCfg = Debug|Any CPU
		{BABD8C74-D30A-4DA4-AD57-26E72393F6F2}.Debug|Any CPU.Build.0 = Debug|Any CPU
		{BABD8C74-D30A-4DA4-AD57-26E72393F6F2}.Release|Any CPU.ActiveCfg = Release|Any CPU
		{BABD8C74-D30A-4DA4-AD57-26E72393F6F2}.Release|Any CPU.Build.0 = Release|Any CPU
	EndGlobalSection
	GlobalSection(SolutionProperties) = preSolution
		HideSolutionNode = FALSE
	EndGlobalSection
	GlobalSection(ExtensibilityGlobals) = postSolution
		SolutionGuid = {F0AC6443-48EC-4BFA-B3C0-7DB5D6BC21A5}
	EndGlobalSection
EndGlobal
